
Microsoft Visual Studio Solution File, Format Version 12.00
# Visual Studio Version 17
VisualStudioVersion = 17.8.34322.80
MinimumVisualStudioVersion = 10.0.40219.1
Project("{9A19103F-16F7-4668-BE54-9A1E7A4F7556}") = "Browser", "Browser\Browser.csproj", "{F93C4BE7-AFBB-4FCE-82EA-73079FC7FFCB}"
EndProject
Project("{9A19103F-16F7-4668-BE54-9A1E7A4F7556}") = "Installer", "Installer\Installer.csproj", "{EB3B39C5-606C-4138-98E8-C9BE3F579328}"
EndProject
Global
	GlobalSection(SolutionConfigurationPlatforms) = preSolution
		Debug|Any CPU = Debug|Any CPU
		Debug|x64 = Debug|x64
		Release|Any CPU = Release|Any CPU
		Release|x64 = Release|x64
	EndGlobalSection
	GlobalSection(ProjectConfigurationPlatforms) = postSolution
		{F93C4BE7-AFBB-4FCE-82EA-73079FC7FFCB}.Debug|Any CPU.ActiveCfg = Debug|Any CPU
		{F93C4BE7-AFBB-4FCE-82EA-73079FC7FFCB}.Debug|Any CPU.Build.0 = Debug|Any CPU
		{F93C4BE7-AFBB-4FCE-82EA-73079FC7FFCB}.Debug|x64.ActiveCfg = Debug|Any CPU
		{F93C4BE7-AFBB-4FCE-82EA-73079FC7FFCB}.Debug|x64.Build.0 = Debug|Any CPU
		{F93C4BE7-AFBB-4FCE-82EA-73079FC7FFCB}.Release|Any CPU.ActiveCfg = Release|Any CPU
		{F93C4BE7-AFBB-4FCE-82EA-73079FC7FFCB}.Release|Any CPU.Build.0 = Release|Any CPU
		{F93C4BE7-AFBB-4FCE-82EA-73079FC7FFCB}.Release|x64.ActiveCfg = Release|Any CPU
		{F93C4BE7-AFBB-4FCE-82EA-73079FC7FFCB}.Release|x64.Build.0 = Release|Any CPU
		{EB3B39C5-606C-4138-98E8-C9BE3F579328}.Debug|Any CPU.ActiveCfg = Debug|Any CPU
		{EB3B39C5-606C-4138-98E8-C9BE3F579328}.Debug|Any CPU.Build.0 = Debug|Any CPU
		{EB3B39C5-606C-4138-98E8-C9BE3F579328}.Debug|x64.ActiveCfg = Debug|x64
		{EB3B39C5-606C-4138-98E8-C9BE3F579328}.Debug|x64.Build.0 = Debug|x64
		{EB3B39C5-606C-4138-98E8-C9BE3F579328}.Release|Any CPU.ActiveCfg = Release|Any CPU
		{EB3B39C5-606C-4138-98E8-C9BE3F579328}.Release|Any CPU.Build.0 = Release|Any CPU
		{EB3B39C5-606C-4138-98E8-C9BE3F579328}.Release|x64.ActiveCfg = Release|x64
		{EB3B39C5-606C-4138-98E8-C9BE3F579328}.Release|x64.Build.0 = Release|x64
	EndGlobalSection
	GlobalSection(SolutionProperties) = preSolution
		HideSolutionNode = FALSE
	EndGlobalSection
	GlobalSection(ExtensibilityGlobals) = postSolution
		SolutionGuid = {51B0A318-C5AC-4A9C-84A8-407B8713A833}
	EndGlobalSection
EndGlobal
